
Microsoft Visual Studio Solution File, Format Version 12.00
# Visual Studio Version 16
VisualStudioVersion = 16.6.30114.105
MinimumVisualStudioVersion = 10.0.40219.1
Project("{2150E333-8FDC-42A3-9474-1A3956D46DE8}") = "src", "src", "{FD920A8E-7DBF-4DC9-A1E1-DB3565679438}"
EndProject
Project("{FAE04EC0-301F-11D3-BF4B-00C04F79EFBC}") = "Api1", "src\Api1\Api1.csproj", "{9A960434-8D73-4FD7-BD4B-6ED5AD0D2B73}"
EndProject
Project("{FAE04EC0-301F-11D3-BF4B-00C04F79EFBC}") = "Api2", "src\Api2\Api2.csproj", "{B487A4C3-E031-4934-BDEF-CDF0072F364E}"
EndProject
Project("{FAE04EC0-301F-11D3-BF4B-00C04F79EFBC}") = "Client", "src\Client\Client.csproj", "{72AAFD09-0868-47CD-9250-DFF4C1231F1E}"
EndProject
Project("{FAE04EC0-301F-11D3-BF4B-00C04F79EFBC}") = "Server", "src\Server\Server.csproj", "{8805E1C0-BFB5-488E-8731-482EE6E3D2A0}"
EndProject
Project("{FAE04EC0-301F-11D3-BF4B-00C04F79EFBC}") = "Shared", "src\Shared\Shared.csproj", "{2FFC9584-BD11-480B-9EF3-CBF690F53FC8}"
EndProject
Global
	GlobalSection(SolutionConfigurationPlatforms) = preSolution
		Debug|Any CPU = Debug|Any CPU
		Debug|x64 = Debug|x64
		Debug|x86 = Debug|x86
		Release|Any CPU = Release|Any CPU
		Release|x64 = Release|x64
		Release|x86 = Release|x86
	EndGlobalSection
	GlobalSection(SolutionProperties) = preSolution
		HideSolutionNode = FALSE
	EndGlobalSection
	GlobalSection(ProjectConfigurationPlatforms) = postSolution
		{9A960434-8D73-4FD7-BD4B-6ED5AD0D2B73}.Debug|Any CPU.ActiveCfg = Debug|Any CPU
		{9A960434-8D73-4FD7-BD4B-6ED5AD0D2B73}.Debug|Any CPU.Build.0 = Debug|Any CPU
		{9A960434-8D73-4FD7-BD4B-6ED5AD0D2B73}.Debug|x64.ActiveCfg = Debug|Any CPU
		{9A960434-8D73-4FD7-BD4B-6ED5AD0D2B73}.Debug|x64.Build.0 = Debug|Any CPU
		{9A960434-8D73-4FD7-BD4B-6ED5AD0D2B73}.Debug|x86.ActiveCfg = Debug|Any CPU
		{9A960434-8D73-4FD7-BD4B-6ED5AD0D2B73}.Debug|x86.Build.0 = Debug|Any CPU
		{9A960434-8D73-4FD7-BD4B-6ED5AD0D2B73}.Release|Any CPU.ActiveCfg = Release|Any CPU
		{9A960434-8D73-4FD7-BD4B-6ED5AD0D2B73}.Release|Any CPU.Build.0 = Release|Any CPU
		{9A960434-8D73-4FD7-BD4B-6ED5AD0D2B73}.Release|x64.ActiveCfg = Release|Any CPU
		{9A960434-8D73-4FD7-BD4B-6ED5AD0D2B73}.Release|x64.Build.0 = Release|Any CPU
		{9A960434-8D73-4FD7-BD4B-6ED5AD0D2B73}.Release|x86.ActiveCfg = Release|Any CPU
		{9A960434-8D73-4FD7-BD4B-6ED5AD0D2B73}.Release|x86.Build.0 = Release|Any CPU
		{B487A4C3-E031-4934-BDEF-CDF0072F364E}.Debug|Any CPU.ActiveCfg = Debug|Any CPU
		{B487A4C3-E031-4934-BDEF-CDF0072F364E}.Debug|Any CPU.Build.0 = Debug|Any CPU
		{B487A4C3-E031-4934-BDEF-CDF0072F364E}.Debug|x64.ActiveCfg = Debug|Any CPU
		{B487A4C3-E031-4934-BDEF-CDF0072F364E}.Debug|x64.Build.0 = Debug|Any CPU
		{B487A4C3-E031-4934-BDEF-CDF0072F364E}.Debug|x86.ActiveCfg = Debug|Any CPU
		{B487A4C3-E031-4934-BDEF-CDF0072F364E}.Debug|x86.Build.0 = Debug|Any CPU
		{B487A4C3-E031-4934-BDEF-CDF0072F364E}.Release|Any CPU.ActiveCfg = Release|Any CPU
		{B487A4C3-E031-4934-BDEF-CDF0072F364E}.Release|Any CPU.Build.0 = Release|Any CPU
		{B487A4C3-E031-4934-BDEF-CDF0072F364E}.Release|x64.ActiveCfg = Release|Any CPU
		{B487A4C3-E031-4934-BDEF-CDF0072F364E}.Release|x64.Build.0 = Release|Any CPU
		{B487A4C3-E031-4934-BDEF-CDF0072F364E}.Release|x86.ActiveCfg = Release|Any CPU
		{B487A4C3-E031-4934-BDEF-CDF0072F364E}.Release|x86.Build.0 = Release|Any CPU
		{72AAFD09-0868-47CD-9250-DFF4C1231F1E}.Debug|Any CPU.ActiveCfg = Debug|Any CPU
		{72AAFD09-0868-47CD-9250-DFF4C1231F1E}.Debug|Any CPU.Build.0 = Debug|Any CPU
		{72AAFD09-0868-47CD-9250-DFF4C1231F1E}.Debug|x64.ActiveCfg = Debug|Any CPU
		{72AAFD09-0868-47CD-9250-DFF4C1231F1E}.Debug|x64.Build.0 = Debug|Any CPU
		{72AAFD09-0868-47CD-9250-DFF4C1231F1E}.Debug|x86.ActiveCfg = Debug|Any CPU
		{72AAFD09-0868-47CD-9250-DFF4C1231F1E}.Debug|x86.Build.0 = Debug|Any CPU
		{72AAFD09-0868-47CD-9250-DFF4C1231F1E}.Release|Any CPU.ActiveCfg = Release|Any CPU
		{72AAFD09-0868-47CD-9250-DFF4C1231F1E}.Release|Any CPU.Build.0 = Release|Any CPU
		{72AAFD09-0868-47CD-9250-DFF4C1231F1E}.Release|x64.ActiveCfg = Release|Any CPU
		{72AAFD09-0868-47CD-9250-DFF4C1231F1E}.Release|x64.Build.0 = Release|Any CPU
		{72AAFD09-0868-47CD-9250-DFF4C1231F1E}.Release|x86.ActiveCfg = Release|Any CPU
		{72AAFD09-0868-47CD-9250-DFF4C1231F1E}.Release|x86.Build.0 = Release|Any CPU
		{8805E1C0-BFB5-488E-8731-482EE6E3D2A0}.Debug|Any CPU.ActiveCfg = Debug|Any CPU
		{8805E1C0-BFB5-488E-8731-482EE6E3D2A0}.Debug|Any CPU.Build.0 = Debug|Any CPU
		{8805E1C0-BFB5-488E-8731-482EE6E3D2A0}.Debug|x64.ActiveCfg = Debug|Any CPU
		{8805E1C0-BFB5-488E-8731-482EE6E3D2A0}.Debug|x64.Build.0 = Debug|Any CPU
		{8805E1C0-BFB5-488E-8731-482EE6E3D2A0}.Debug|x86.ActiveCfg = Debug|Any CPU
		{8805E1C0-BFB5-488E-8731-482EE6E3D2A0}.Debug|x86.Build.0 = Debug|Any CPU
		{8805E1C0-BFB5-488E-8731-482EE6E3D2A0}.Release|Any CPU.ActiveCfg = Release|Any CPU
		{8805E1C0-BFB5-488E-8731-482EE6E3D2A0}.Release|Any CPU.Build.0 = Release|Any CPU
		{8805E1C0-BFB5-488E-8731-482EE6E3D2A0}.Release|x64.ActiveCfg = Release|Any CPU
		{8805E1C0-BFB5-488E-8731-482EE6E3D2A0}.Release|x64.Build.0 = Release|Any CPU
		{8805E1C0-BFB5-488E-8731-482EE6E3D2A0}.Release|x86.ActiveCfg = Release|Any CPU
		{8805E1C0-BFB5-488E-8731-482EE6E3D2A0}.Release|x86.Build.0 = Release|Any CPU
		{2FFC9584-BD11-480B-9EF3-CBF690F53FC8}.Debug|Any CPU.ActiveCfg = Debug|Any CPU
		{2FFC9584-BD11-480B-9EF3-CBF690F53FC8}.Debug|Any CPU.Build.0 = Debug|Any CPU
		{2FFC9584-BD11-480B-9EF3-CBF690F53FC8}.Debug|x64.ActiveCfg = Debug|Any CPU
		{2FFC9584-BD11-480B-9EF3-CBF690F53FC8}.Debug|x64.Build.0 = Debug|Any CPU
		{2FFC9584-BD11-480B-9EF3-CBF690F53FC8}.Debug|x86.ActiveCfg = Debug|Any CPU
		{2FFC9584-BD11-480B-9EF3-CBF690F53FC8}.Debug|x86.Build.0 = Debug|Any CPU
		{2FFC9584-BD11-480B-9EF3-CBF690F53FC8}.Release|Any CPU.ActiveCfg = Release|Any CPU
		{2FFC9584-BD11-480B-9EF3-CBF690F53FC8}.Release|Any CPU.Build.0 = Release|Any CPU
		{2FFC9584-BD11-480B-9EF3-CBF690F53FC8}.Release|x64.ActiveCfg = Release|Any CPU
		{2FFC9584-BD11-480B-9EF3-CBF690F53FC8}.Release|x64.Build.0 = Release|Any CPU
		{2FFC9584-BD11-480B-9EF3-CBF690F53FC8}.Release|x86.ActiveCfg = Release|Any CPU
		{2FFC9584-BD11-480B-9EF3-CBF690F53FC8}.Release|x86.Build.0 = Release|Any CPU
	EndGlobalSection
	GlobalSection(NestedProjects) = preSolution
		{9A960434-8D73-4FD7-BD4B-6ED5AD0D2B73} = {FD920A8E-7DBF-4DC9-A1E1-DB3565679438}
		{B487A4C3-E031-4934-BDEF-CDF0072F364E} = {FD920A8E-7DBF-4DC9-A1E1-DB3565679438}
		{72AAFD09-0868-47CD-9250-DFF4C1231F1E} = {FD920A8E-7DBF-4DC9-A1E1-DB3565679438}
		{8805E1C0-BFB5-488E-8731-482EE6E3D2A0} = {FD920A8E-7DBF-4DC9-A1E1-DB3565679438}
		{2FFC9584-BD11-480B-9EF3-CBF690F53FC8} = {FD920A8E-7DBF-4DC9-A1E1-DB3565679438}
	EndGlobalSection
EndGlobal
